
Microsoft Visual Studio Solution File, Format Version 12.00
# Visual Studio Version 17
VisualStudioVersion = 17.5.33502.453
MinimumVisualStudioVersion = 10.0.40219.1
Project("{FAE04EC0-301F-11D3-BF4B-00C04F79EFBC}") = "Task1", "SkillBox.HomeWork5\Task1.csproj", "{2330847C-9689-441A-B681-E8E3909882B4}"
EndProject
Project("{FAE04EC0-301F-11D3-BF4B-00C04F79EFBC}") = "Task2", "SkillBox.HomeWork5.Task2\Task2.csproj", "{35B73397-0803-45A3-927B-1290209A68B8}"
EndProject
Global
	GlobalSection(SolutionConfigurationPlatforms) = preSolution
		Debug|Any CPU = Debug|Any CPU
		Release|Any CPU = Release|Any CPU
	EndGlobalSection
	GlobalSection(ProjectConfigurationPlatforms) = postSolution
		{2330847C-9689-441A-B681-E8E3909882B4}.Debug|Any CPU.ActiveCfg = Debug|Any CPU
		{2330847C-9689-441A-B681-E8E3909882B4}.Debug|Any CPU.Build.0 = Debug|Any CPU
		{2330847C-9689-441A-B681-E8E3909882B4}.Release|Any CPU.ActiveCfg = Release|Any CPU
		{2330847C-9689-441A-B681-E8E3909882B4}.Release|Any CPU.Build.0 = Release|Any CPU
		{35B73397-0803-45A3-927B-1290209A68B8}.Debug|Any CPU.ActiveCfg = Debug|Any CPU
		{35B73397-0803-45A3-927B-1290209A68B8}.Debug|Any CPU.Build.0 = Debug|Any CPU
		{35B73397-0803-45A3-927B-1290209A68B8}.Release|Any CPU.ActiveCfg = Release|Any CPU
		{35B73397-0803-45A3-927B-1290209A68B8}.Release|Any CPU.Build.0 = Release|Any CPU
	EndGlobalSection
	GlobalSection(SolutionProperties) = preSolution
		HideSolutionNode = FALSE
	EndGlobalSection
	GlobalSection(ExtensibilityGlobals) = postSolution
		SolutionGuid = {1FB2AA81-977D-426F-97E8-5E5B7BD4768B}
	EndGlobalSection
EndGlobal
